
Microsoft Visual Studio Solution File, Format Version 12.00
# Visual Studio Version 17
VisualStudioVersion = 17.10.34928.147
MinimumVisualStudioVersion = 10.0.40219.1
Project("{FAE04EC0-301F-11D3-BF4B-00C04F79EFBC}") = "Week3IfAndSwitch", "Week3IfAndSwitch\Week3IfAndSwitch.csproj", "{C483A14E-5F53-4C64-903D-80EC4FDDFBDB}"
EndProject
Project("{FAE04EC0-301F-11D3-BF4B-00C04F79EFBC}") = "OddOrEven", "OddOrEven\OddOrEven.csproj", "{5866F35E-364D-4631-8C39-80380E1C77E3}"
EndProject
Project("{FAE04EC0-301F-11D3-BF4B-00C04F79EFBC}") = "IfDayOfTheWeek", "IfDayOfTheWeek\IfDayOfTheWeek.csproj", "{443511E0-423C-4B3C-A517-F88C3154A3A5}"
EndProject
Global
	GlobalSection(SolutionConfigurationPlatforms) = preSolution
		Debug|Any CPU = Debug|Any CPU
		Release|Any CPU = Release|Any CPU
	EndGlobalSection
	GlobalSection(ProjectConfigurationPlatforms) = postSolution
		{C483A14E-5F53-4C64-903D-80EC4FDDFBDB}.Debug|Any CPU.ActiveCfg = Debug|Any CPU
		{C483A14E-5F53-4C64-903D-80EC4FDDFBDB}.Debug|Any CPU.Build.0 = Debug|Any CPU
		{C483A14E-5F53-4C64-903D-80EC4FDDFBDB}.Release|Any CPU.ActiveCfg = Release|Any CPU
		{C483A14E-5F53-4C64-903D-80EC4FDDFBDB}.Release|Any CPU.Build.0 = Release|Any CPU
		{5866F35E-364D-4631-8C39-80380E1C77E3}.Debug|Any CPU.ActiveCfg = Debug|Any CPU
		{5866F35E-364D-4631-8C39-80380E1C77E3}.Debug|Any CPU.Build.0 = Debug|Any CPU
		{5866F35E-364D-4631-8C39-80380E1C77E3}.Release|Any CPU.ActiveCfg = Release|Any CPU
		{5866F35E-364D-4631-8C39-80380E1C77E3}.Release|Any CPU.Build.0 = Release|Any CPU
		{443511E0-423C-4B3C-A517-F88C3154A3A5}.Debug|Any CPU.ActiveCfg = Debug|Any CPU
		{443511E0-423C-4B3C-A517-F88C3154A3A5}.Debug|Any CPU.Build.0 = Debug|Any CPU
		{443511E0-423C-4B3C-A517-F88C3154A3A5}.Release|Any CPU.ActiveCfg = Release|Any CPU
		{443511E0-423C-4B3C-A517-F88C3154A3A5}.Release|Any CPU.Build.0 = Release|Any CPU
	EndGlobalSection
	GlobalSection(SolutionProperties) = preSolution
		HideSolutionNode = FALSE
	EndGlobalSection
	GlobalSection(ExtensibilityGlobals) = postSolution
		SolutionGuid = {89648F54-0324-4871-AB3D-828DB5AE3395}
	EndGlobalSection
EndGlobal
